// !$*UTF8*$!
{
	archiveVersion = 1;
	classes = {
	};
	objectVersion = 50;
	objects = {

/* Begin PBXBuildFile section */
		BB67D7BD2439640C00DC1CCD /* AppDelegate.swift in Sources */ = {isa = PBXBuildFile; fileRef = BB67D7BC2439640C00DC1CCD /* AppDelegate.swift */; };
		BB67D7BF2439640C00DC1CCD /* SceneDelegate.swift in Sources */ = {isa = PBXBuildFile; fileRef = BB67D7BE2439640C00DC1CCD /* SceneDelegate.swift */; };
		BB67D7C12439640C00DC1CCD /* ViewController.swift in Sources */ = {isa = PBXBuildFile; fileRef = BB67D7C02439640C00DC1CCD /* ViewController.swift */; };
		BB67D7C42439640C00DC1CCD /* Main.storyboard in Resources */ = {isa = PBXBuildFile; fileRef = BB67D7C22439640C00DC1CCD /* Main.storyboard */; };
		BB67D7C62439640D00DC1CCD /* Assets.xcassets in Resources */ = {isa = PBXBuildFile; fileRef = BB67D7C52439640D00DC1CCD /* Assets.xcassets */; };
		BB67D7C92439640D00DC1CCD /* LaunchScreen.storyboard in Resources */ = {isa = PBXBuildFile; fileRef = BB67D7C72439640D00DC1CCD /* LaunchScreen.storyboard */; };
/* End PBXBuildFile section */

/* Begin PBXFileReference section */
		BB67D7B92439640C00DC1CCD /* UdemyIOSBootcamp.app */ = {isa = PBXFileReference; explicitFileType = wrapper.application; includeInIndex = 0; path = UdemyIOSBootcamp.app; sourceTree = BUILT_PRODUCTS_DIR; };
		BB67D7BC2439640C00DC1CCD /* AppDelegate.swift */ = {isa = PBXFileReference; lastKnownFileType = sourcecode.swift; path = AppDelegate.swift; sourceTree = "<group>"; };
		BB67D7BE2439640C00DC1CCD /* SceneDelegate.swift */ = {isa = PBXFileReference; lastKnownFileType = sourcecode.swift; path = SceneDelegate.swift; sourceTree = "<group>"; };
		BB67D7C02439640C00DC1CCD /* ViewController.swift */ = {isa = PBXFileReference; lastKnownFileType = sourcecode.swift; path = ViewController.swift; sourceTree = "<group>"; };
		BB67D7C32439640C00DC1CCD /* Base */ = {isa = PBXFileReference; lastKnownFileType = file.storyboard; name = Base; path = Base.lproj/Main.storyboard; sourceTree = "<group>"; };
		BB67D7C52439640D00DC1CCD /* Assets.xcassets */ = {isa = PBXFileReference; lastKnownFileType = folder.assetcatalog; path = Assets.xcassets; sourceTree = "<group>"; };
		BB67D7C82439640D00DC1CCD /* Base */ = {isa = PBXFileReference; lastKnownFileType = file.storyboard; name = Base; path = Base.lproj/LaunchScreen.storyboard; sourceTree = "<group>"; };
		BB67D7CA2439640D00DC1CCD /* Info.plist */ = {isa = PBXFileReference; lastKnownFileType = text.plist.xml; path = Info.plist; sourceTree = "<group>"; };
/* End PBXFileReference section */

/* Begin PBXFrameworksBuildPhase section */
		BB67D7B62439640C00DC1CCD /* Frameworks */ = {
			isa = PBXFrameworksBuildPhase;
			buildActionMask = 2147483647;
			files = (
			);
			runOnlyForDeploymentPostprocessing = 0;
		};
/* End PBXFrameworksBuildPhase section */

/* Begin PBXGroup section */
		BB67D7B02439640C00DC1CCD = {
			isa = PBXGroup;
			children = (
				BB67D7D0243A981900DC1CCD /* Dicee-3 */,
				BB67D7BB2439640C00DC1CCD /* UdemyIOSBootcamp */,
				BB67D7BA2439640C00DC1CCD /* Products */,
			);
			sourceTree = "<group>";
		};
		BB67D7BA2439640C00DC1CCD /* Products */ = {
			isa = PBXGroup;
			children = (
				BB67D7B92439640C00DC1CCD /* UdemyIOSBootcamp.app */,
			);
			name = Products;
			sourceTree = "<group>";
		};
		BB67D7BB2439640C00DC1CCD /* UdemyIOSBootcamp */ = {
			isa = PBXGroup;
			children = (
				BB67D7BC2439640C00DC1CCD /* AppDelegate.swift */,
				BB67D7BE2439640C00DC1CCD /* SceneDelegate.swift */,
				BB67D7C02439640C00DC1CCD /* ViewController.swift */,
				BB67D7C22439640C00DC1CCD /* Main.storyboard */,
				BB67D7C52439640D00DC1CCD /* Assets.xcassets */,
				BB67D7C72439640D00DC1CCD /* LaunchScreen.storyboard */,
				BB67D7CA2439640D00DC1CCD /* Info.plist */,
			);
			path = UdemyIOSBootcamp;
			sourceTree = "<group>";
		};
		BB67D7D0243A981900DC1CCD /* Dicee-3 */ = {
			isa = PBXGroup;
			children = (
			);
			path = "Dicee-3";
			sourceTree = "<group>";
		};
/* End PBXGroup section */

/* Begin PBXNativeTarget section */
		BB67D7B82439640C00DC1CCD /* UdemyIOSBootcamp */ = {
			isa = PBXNativeTarget;
			buildConfigurationList = BB67D7CD2439640D00DC1CCD /* Build configuration list for PBXNativeTarget "UdemyIOSBootcamp" */;
			buildPhases = (
				BB67D7B52439640C00DC1CCD /* Sources */,
				BB67D7B62439640C00DC1CCD /* Frameworks */,
				BB67D7B72439640C00DC1CCD /* Resources */,
			);
			buildRules = (
			);
			dependencies = (
			);
			name = UdemyIOSBootcamp;
			productName = UdemyIOSBootcamp;
			productReference = BB67D7B92439640C00DC1CCD /* UdemyIOSBootcamp.app */;
			productType = "com.apple.product-type.application";
		};
/* End PBXNativeTarget section */

/* Begin PBXProject section */
		BB67D7B12439640C00DC1CCD /* Project object */ = {
			isa = PBXProject;
			attributes = {
				LastSwiftUpdateCheck = 1130;
				LastUpgradeCheck = 1130;
				ORGANIZATIONNAME = HannahLi;
				TargetAttributes = {
					BB67D7B82439640C00DC1CCD = {
						CreatedOnToolsVersion = 11.3.1;
					};
				};
			};
			buildConfigurationList = BB67D7B42439640C00DC1CCD /* Build configuration list for PBXProject "UdemyIOSBootcamp" */;
			compatibilityVersion = "Xcode 9.3";
			developmentRegion = en;
			hasScannedForEncodings = 0;
			knownRegions = (
				en,
				Base,
			);
			mainGroup = BB67D7B02439640C00DC1CCD;
			productRefGroup = BB67D7BA2439640C00DC1CCD /* Products */;
			projectDirPath = "";
			projectRoot = "";
			targets = (
				BB67D7B82439640C00DC1CCD /* UdemyIOSBootcamp */,
			);
		};
/* End PBXProject section */

/* Begin PBXResourcesBuildPhase section */
		BB67D7B72439640C00DC1CCD /* Resources */ = {
			isa = PBXResourcesBuildPhase;
			buildActionMask = 2147483647;
			files = (
				BB67D7C92439640D00DC1CCD /* LaunchScreen.storyboard in Resources */,
				BB67D7C62439640D00DC1CCD /* Assets.xcassets in Resources */,
				BB67D7C42439640C00DC1CCD /* Main.storyboard in Resources */,
			);
			runOnlyForDeploymentPostprocessing = 0;
		};
/* End PBXResourcesBuildPhase section */

/* Begin PBXSourcesBuildPhase section */
		BB67D7B52439640C00DC1CCD /* Sources */ = {
			isa = PBXSourcesBuildPhase;
			buildActionMask = 2147483647;
			files = (
				BB67D7C12439640C00DC1CCD /* ViewController.swift in Sources */,
				BB67D7BD2439640C00DC1CCD /* AppDelegate.swift in Sources */,
				BB67D7BF2439640C00DC1CCD /* SceneDelegate.swift in Sources */,
			);
			runOnlyForDeploymentPostprocessing = 0;
		};
/* End PBXSourcesBuildPhase section */

/* Begin PBXVariantGroup section */
		BB67D7C22439640C00DC1CCD /* Main.storyboard */ = {
			isa = PBXVariantGroup;
			children = (
				BB67D7C32439640C00DC1CCD /* Base */,
			);
			name = Main.storyboard;
			sourceTree = "<group>";
		};
		BB67D7C72439640D00DC1CCD /* LaunchScreen.storyboard */ = {
			isa = PBXVariantGroup;
			children = (
				BB67D7C82439640D00DC1CCD /* Base */,
			);
			name = LaunchScreen.storyboard;
			sourceTree = "<group>";
		};
/* End PBXVariantGroup section */

/* Begin XCBuildConfiguration section */
		BB67D7CB2439640D00DC1CCD /* Debug */ = {
			isa = XCBuildConfiguration;
			buildSettings = {
				ALWAYS_SEARCH_USER_PATHS = NO;
				CLANG_ANALYZER_NONNULL = YES;
				CLANG_ANALYZER_NUMBER_OBJECT_CONVERSION = YES_AGGRESSIVE;
				CLANG_CXX_LANGUAGE_STANDARD = "gnu++14";
				CLANG_CXX_LIBRARY = "libc++";
				CLANG_ENABLE_MODULES = YES;
				CLANG_ENABLE_OBJC_ARC = YES;
				CLANG_ENABLE_OBJC_WEAK = YES;
				CLANG_WARN_BLOCK_CAPTURE_AUTORELEASING = YES;
				CLANG_WARN_BOOL_CONVERSION = YES;
				CLANG_WARN_COMMA = YES;
				CLANG_WARN_CONSTANT_CONVERSION = YES;
				CLANG_WARN_DEPRECATED_OBJC_IMPLEMENTATIONS = YES;
				CLANG_WARN_DIRECT_OBJC_ISA_USAGE = YES_ERROR;
				CLANG_WARN_DOCUMENTATION_COMMENTS = YES;
				CLANG_WARN_EMPTY_BODY = YES;
				CLANG_WARN_ENUM_CONVERSION = YES;
				CLANG_WARN_INFINITE_RECURSION = YES;
				CLANG_WARN_INT_CONVERSION = YES;
				CLANG_WARN_NON_LITERAL_NULL_CONVERSION = YES;
				CLANG_WARN_OBJC_IMPLICIT_RETAIN_SELF = YES;
				CLANG_WARN_OBJC_LITERAL_CONVERSION = YES;
				CLANG_WARN_OBJC_ROOT_CLASS = YES_ERROR;
				CLANG_WARN_RANGE_LOOP_ANALYSIS = YES;
				CLANG_WARN_STRICT_PROTOTYPES = YES;
				CLANG_WARN_SUSPICIOUS_MOVE = YES;
				CLANG_WARN_UNGUARDED_AVAILABILITY = YES_AGGRESSIVE;
				CLANG_WARN_UNREACHABLE_CODE = YES;
				CLANG_WARN__DUPLICATE_METHOD_MATCH = YES;
				COPY_PHASE_STRIP = NO;
				DEBUG_INFORMATION_FORMAT = dwarf;
				ENABLE_STRICT_OBJC_MSGSEND = YES;
				ENABLE_TESTABILITY = YES;
				GCC_C_LANGUAGE_STANDARD = gnu11;
				GCC_DYNAMIC_NO_PIC = NO;
				GCC_NO_COMMON_BLOCKS = YES;
				GCC_OPTIMIZATION_LEVEL = 0;
				GCC_PREPROCESSOR_DEFINITIONS = (
					"DEBUG=1",
					"$(inherited)",
				);
				GCC_WARN_64_TO_32_BIT_CONVERSION = YES;
				GCC_WARN_ABOUT_RETURN_TYPE = YES_ERROR;
				GCC_WARN_UNDECLARED_SELECTOR = YES;
				GCC_WARN_UNINITIALIZED_AUTOS = YES_AGGRESSIVE;
				GCC_WARN_UNUSED_FUNCTION = YES;
				GCC_WARN_UNUSED_VARIABLE = YES;
				IPHONEOS_DEPLOYMENT_TARGET = 13.2;
				MTL_ENABLE_DEBUG_INFO = INCLUDE_SOURCE;
				MTL_FAST_MATH = YES;
				ONLY_ACTIVE_ARCH = YES;
				SDKROOT = iphoneos;
				SWIFT_ACTIVE_COMPILATION_CONDITIONS = DEBUG;
				SWIFT_OPTIMIZATION_LEVEL = "-Onone";
			};
			name = Debug;
		};
		BB67D7CC2439640D00DC1CCD /* Release */ = {
			isa = XCBuildConfiguration;
			buildSettings = {
				ALWAYS_SEARCH_USER_PATHS = NO;
				CLANG_ANALYZER_NONNULL = YES;
				CLANG_ANALYZER_NUMBER_OBJECT_CONVERSION = YES_AGGRESSIVE;
				CLANG_CXX_LANGUAGE_STANDARD = "gnu++14";
				CLANG_CXX_LIBRARY = "libc++";
				CLANG_ENABLE_MODULES = YES;
				CLANG_ENABLE_OBJC_ARC = YES;
				CLANG_ENABLE_OBJC_WEAK = YES;
				CLANG_WARN_BLOCK_CAPTURE_AUTORELEASING = YES;
				CLANG_WARN_BOOL_CONVERSION = YES;
				CLANG_WARN_COMMA = YES;
				CLANG_WARN_CONSTANT_CONVERSION = YES;
				CLANG_WARN_DEPRECATED_OBJC_IMPLEMENTATIONS = YES;
				CLANG_WARN_DIRECT_OBJC_ISA_USAGE = YES_ERROR;
				CLANG_WARN_DOCUMENTATION_COMMENTS = YES;
				CLANG_WARN_EMPTY_BODY = YES;
				CLANG_WARN_ENUM_CONVERSION = YES;
				CLANG_WARN_INFINITE_RECURSION = YES;
				CLANG_WARN_INT_CONVERSION = YES;
				CLANG_WARN_NON_LITERAL_NULL_CONVERSION = YES;
				CLANG_WARN_OBJC_IMPLICIT_RETAIN_SELF = YES;
				CLANG_WARN_OBJC_LITERAL_CONVERSION = YES;
				CLANG_WARN_OBJC_ROOT_CLASS = YES_ERROR;
				CLANG_WARN_RANGE_LOOP_ANALYSIS = YES;
				CLANG_WARN_STRICT_PROTOTYPES = YES;
				CLANG_WARN_SUSPICIOUS_MOVE = YES;
				CLANG_WARN_UNGUARDED_AVAILABILITY = YES_AGGRESSIVE;
				CLANG_WARN_UNREACHABLE_CODE = YES;
				CLANG_WARN__DUPLICATE_METHOD_MATCH = YES;
				COPY_PHASE_STRIP = NO;
				DEBUG_INFORMATION_FORMAT = "dwarf-with-dsym";
				ENABLE_NS_ASSERTIONS = NO;
				ENABLE_STRICT_OBJC_MSGSEND = YES;
				GCC_C_LANGUAGE_STANDARD = gnu11;
				GCC_NO_COMMON_BLOCKS = YES;
				GCC_WARN_64_TO_32_BIT_CONVERSION = YES;
				GCC_WARN_ABOUT_RETURN_TYPE = YES_ERROR;
				GCC_WARN_UNDECLARED_SELECTOR = YES;
				GCC_WARN_UNINITIALIZED_AUTOS = YES_AGGRESSIVE;
				GCC_WARN_UNUSED_FUNCTION = YES;
				GCC_WARN_UNUSED_VARIABLE = YES;
				IPHONEOS_DEPLOYMENT_TARGET = 13.2;
				MTL_ENABLE_DEBUG_INFO = NO;
				MTL_FAST_MATH = YES;
				SDKROOT = iphoneos;
				SWIFT_COMPILATION_MODE = wholemodule;
				SWIFT_OPTIMIZATION_LEVEL = "-O";
				VALIDATE_PRODUCT = YES;
			};
			name = Release;
		};
		BB67D7CE2439640D00DC1CCD /* Debug */ = {
			isa = XCBuildConfiguration;
			buildSettings = {
				ASSETCATALOG_COMPILER_APPICON_NAME = AppIcon;
				CODE_SIGN_STYLE = Automatic;
				INFOPLIST_FILE = UdemyIOSBootcamp/Info.plist;
				LD_RUNPATH_SEARCH_PATHS = (
					"$(inherited)",
					"@executable_path/Frameworks",
				);
				PRODUCT_BUNDLE_IDENTIFIER = com.hannah.UdemyIOSBootcamp;
				PRODUCT_NAME = "$(TARGET_NAME)";
				SWIFT_VERSION = 5.0;
				TARGETED_DEVICE_FAMILY = "1,2";
			};
			name = Debug;
		};
		BB67D7CF2439640D00DC1CCD /* Release */ = {
			isa = XCBuildConfiguration;
			buildSettings = {
				ASSETCATALOG_COMPILER_APPICON_NAME = AppIcon;
				CODE_SIGN_STYLE = Automatic;
				INFOPLIST_FILE = UdemyIOSBootcamp/Info.plist;
				LD_RUNPATH_SEARCH_PATHS = (
					"$(inherited)",
					"@executable_path/Frameworks",
				);
				PRODUCT_BUNDLE_IDENTIFIER = com.hannah.UdemyIOSBootcamp;
				PRODUCT_NAME = "$(TARGET_NAME)";
				SWIFT_VERSION = 5.0;
				TARGETED_DEVICE_FAMILY = "1,2";
			};
			name = Release;
		};
/* End XCBuildConfiguration section */

/* Begin XCConfigurationList section */
		BB67D7B42439640C00DC1CCD /* Build configuration list for PBXProject "UdemyIOSBootcamp" */ = {
			isa = XCConfigurationList;
			buildConfigurations = (
				BB67D7CB2439640D00DC1CCD /* Debug */,
				BB67D7CC2439640D00DC1CCD /* Release */,
			);
			defaultConfigurationIsVisible = 0;
			defaultConfigurationName = Release;
		};
		BB67D7CD2439640D00DC1CCD /* Build configuration list for PBXNativeTarget "UdemyIOSBootcamp" */ = {
			isa = XCConfigurationList;
			buildConfigurations = (
				BB67D7CE2439640D00DC1CCD /* Debug */,
				BB67D7CF2439640D00DC1CCD /* Release */,
			);
			defaultConfigurationIsVisible = 0;
			defaultConfigurationName = Release;
		};
/* End XCConfigurationList section */
	};
	rootObject = BB67D7B12439640C00DC1CCD /* Project object */;
}
